
Microsoft Visual Studio Solution File, Format Version 11.00
# Visual Studio 2010
Project("{FAE04EC0-301F-11D3-BF4B-00C04F79EFBC}") = "MergeXml", "MergeXml\MergeXml.csproj", "{C8E77344-9545-4E9D-A3AA-987BDF497C8C}"
EndProject
Project("{FAE04EC0-301F-11D3-BF4B-00C04F79EFBC}") = "MergeXml.Tests", "MergeXml.Tests\MergeXml.Tests.csproj", "{B8731321-80E9-4E08-B591-7508F35ACFD7}"
EndProject
Global
	GlobalSection(SolutionConfigurationPlatforms) = preSolution
		Debug|Any CPU = Debug|Any CPU
		Release|Any CPU = Release|Any CPU
	EndGlobalSection
	GlobalSection(ProjectConfigurationPlatforms) = postSolution
		{C8E77344-9545-4E9D-A3AA-987BDF497C8C}.Debug|Any CPU.ActiveCfg = Debug|Any CPU
		{C8E77344-9545-4E9D-A3AA-987BDF497C8C}.Debug|Any CPU.Build.0 = Debug|Any CPU
		{C8E77344-9545-4E9D-A3AA-987BDF497C8C}.Release|Any CPU.ActiveCfg = Release|Any CPU
		{C8E77344-9545-4E9D-A3AA-987BDF497C8C}.Release|Any CPU.Build.0 = Release|Any CPU
		{B8731321-80E9-4E08-B591-7508F35ACFD7}.Debug|Any CPU.ActiveCfg = Debug|Any CPU
		{B8731321-80E9-4E08-B591-7508F35ACFD7}.Debug|Any CPU.Build.0 = Debug|Any CPU
		{B8731321-80E9-4E08-B591-7508F35ACFD7}.Release|Any CPU.ActiveCfg = Release|Any CPU
		{B8731321-80E9-4E08-B591-7508F35ACFD7}.Release|Any CPU.Build.0 = Release|Any CPU
	EndGlobalSection
	GlobalSection(SolutionProperties) = preSolution
		HideSolutionNode = FALSE
	EndGlobalSection
EndGlobal
